
Microsoft Visual Studio Solution File, Format Version 12.00
# Visual Studio Version 17
VisualStudioVersion = 17.12.35506.116
MinimumVisualStudioVersion = 10.0.40219.1
Project("{9A19103F-16F7-4668-BE54-9A1E7A4F7556}") = "FruitClassLib", "FruitClassLib\FruitClassLib.csproj", "{75FCD197-148B-4371-B0FA-6C6F80666904}"
EndProject
Project("{9A19103F-16F7-4668-BE54-9A1E7A4F7556}") = "FruitREST", "FruitREST\FruitREST.csproj", "{13E1D70A-F77D-422A-B040-D5BCBCCB2817}"
EndProject
Project("{9A19103F-16F7-4668-BE54-9A1E7A4F7556}") = "FruitClassLibTests", "FruitClassLibTests\FruitClassLibTests.csproj", "{61BAEA6C-4B8D-4D28-AD81-A2D3C513BB13}"
EndProject
Project("{FAE04EC0-301F-11D3-BF4B-00C04F79EFBC}") = "UITest", "UITest\UITest.csproj", "{FA2F7028-F738-4D19-9C49-C6B2DD7B61A2}"
EndProject
Global
	GlobalSection(SolutionConfigurationPlatforms) = preSolution
		Debug|Any CPU = Debug|Any CPU
		Release|Any CPU = Release|Any CPU
	EndGlobalSection
	GlobalSection(ProjectConfigurationPlatforms) = postSolution
		{75FCD197-148B-4371-B0FA-6C6F80666904}.Debug|Any CPU.ActiveCfg = Debug|Any CPU
		{75FCD197-148B-4371-B0FA-6C6F80666904}.Debug|Any CPU.Build.0 = Debug|Any CPU
		{75FCD197-148B-4371-B0FA-6C6F80666904}.Release|Any CPU.ActiveCfg = Release|Any CPU
		{75FCD197-148B-4371-B0FA-6C6F80666904}.Release|Any CPU.Build.0 = Release|Any CPU
		{13E1D70A-F77D-422A-B040-D5BCBCCB2817}.Debug|Any CPU.ActiveCfg = Debug|Any CPU
		{13E1D70A-F77D-422A-B040-D5BCBCCB2817}.Debug|Any CPU.Build.0 = Debug|Any CPU
		{13E1D70A-F77D-422A-B040-D5BCBCCB2817}.Release|Any CPU.ActiveCfg = Release|Any CPU
		{13E1D70A-F77D-422A-B040-D5BCBCCB2817}.Release|Any CPU.Build.0 = Release|Any CPU
		{61BAEA6C-4B8D-4D28-AD81-A2D3C513BB13}.Debug|Any CPU.ActiveCfg = Debug|Any CPU
		{61BAEA6C-4B8D-4D28-AD81-A2D3C513BB13}.Debug|Any CPU.Build.0 = Debug|Any CPU
		{61BAEA6C-4B8D-4D28-AD81-A2D3C513BB13}.Release|Any CPU.ActiveCfg = Release|Any CPU
		{61BAEA6C-4B8D-4D28-AD81-A2D3C513BB13}.Release|Any CPU.Build.0 = Release|Any CPU
		{FA2F7028-F738-4D19-9C49-C6B2DD7B61A2}.Debug|Any CPU.ActiveCfg = Debug|Any CPU
		{FA2F7028-F738-4D19-9C49-C6B2DD7B61A2}.Debug|Any CPU.Build.0 = Debug|Any CPU
		{FA2F7028-F738-4D19-9C49-C6B2DD7B61A2}.Release|Any CPU.ActiveCfg = Release|Any CPU
		{FA2F7028-F738-4D19-9C49-C6B2DD7B61A2}.Release|Any CPU.Build.0 = Release|Any CPU
	EndGlobalSection
	GlobalSection(SolutionProperties) = preSolution
		HideSolutionNode = FALSE
	EndGlobalSection
	GlobalSection(ExtensibilityGlobals) = postSolution
		SolutionGuid = {BDEBD436-1504-47F7-8C5E-9137D45116C1}
	EndGlobalSection
EndGlobal
